
Microsoft Visual Studio Solution File, Format Version 12.00
# Visual Studio Version 17
VisualStudioVersion = 17.10.35027.167
MinimumVisualStudioVersion = 10.0.40219.1
Project("{8BC9CEB8-8B4A-11D0-8D11-00A0C91BC942}") = "N", "N\N.vcxproj", "{08042741-4B59-4D39-A668-815D37C68844}"
EndProject
Global
	GlobalSection(SolutionConfigurationPlatforms) = preSolution
		Debug|x64 = Debug|x64
		Debug|x86 = Debug|x86
		Release|x64 = Release|x64
		Release|x86 = Release|x86
	EndGlobalSection
	GlobalSection(ProjectConfigurationPlatforms) = postSolution
		{08042741-4B59-4D39-A668-815D37C68844}.Debug|x64.ActiveCfg = Debug|x64
		{08042741-4B59-4D39-A668-815D37C68844}.Debug|x64.Build.0 = Debug|x64
		{08042741-4B59-4D39-A668-815D37C68844}.Debug|x86.ActiveCfg = Debug|Win32
		{08042741-4B59-4D39-A668-815D37C68844}.Debug|x86.Build.0 = Debug|Win32
		{08042741-4B59-4D39-A668-815D37C68844}.Release|x64.ActiveCfg = Release|x64
		{08042741-4B59-4D39-A668-815D37C68844}.Release|x64.Build.0 = Release|x64
		{08042741-4B59-4D39-A668-815D37C68844}.Release|x86.ActiveCfg = Release|Win32
		{08042741-4B59-4D39-A668-815D37C68844}.Release|x86.Build.0 = Release|Win32
	EndGlobalSection
	GlobalSection(SolutionProperties) = preSolution
		HideSolutionNode = FALSE
	EndGlobalSection
	GlobalSection(ExtensibilityGlobals) = postSolution
		SolutionGuid = {D6135E2A-BAFE-4AD8-B989-A01BCC5B88A5}
	EndGlobalSection
EndGlobal
