
Microsoft Visual Studio Solution File, Format Version 12.00
# Visual Studio Version 17
VisualStudioVersion = 17.10.35027.167
MinimumVisualStudioVersion = 10.0.40219.1
Project("{8BC9CEB8-8B4A-11D0-8D11-00A0C91BC942}") = "S", "S\S.vcxproj", "{0319FBB6-835D-46C6-98B3-B36326CCB9B2}"
EndProject
Global
	GlobalSection(SolutionConfigurationPlatforms) = preSolution
		Debug|x64 = Debug|x64
		Debug|x86 = Debug|x86
		Release|x64 = Release|x64
		Release|x86 = Release|x86
	EndGlobalSection
	GlobalSection(ProjectConfigurationPlatforms) = postSolution
		{0319FBB6-835D-46C6-98B3-B36326CCB9B2}.Debug|x64.ActiveCfg = Debug|x64
		{0319FBB6-835D-46C6-98B3-B36326CCB9B2}.Debug|x64.Build.0 = Debug|x64
		{0319FBB6-835D-46C6-98B3-B36326CCB9B2}.Debug|x86.ActiveCfg = Debug|Win32
		{0319FBB6-835D-46C6-98B3-B36326CCB9B2}.Debug|x86.Build.0 = Debug|Win32
		{0319FBB6-835D-46C6-98B3-B36326CCB9B2}.Release|x64.ActiveCfg = Release|x64
		{0319FBB6-835D-46C6-98B3-B36326CCB9B2}.Release|x64.Build.0 = Release|x64
		{0319FBB6-835D-46C6-98B3-B36326CCB9B2}.Release|x86.ActiveCfg = Release|Win32
		{0319FBB6-835D-46C6-98B3-B36326CCB9B2}.Release|x86.Build.0 = Release|Win32
	EndGlobalSection
	GlobalSection(SolutionProperties) = preSolution
		HideSolutionNode = FALSE
	EndGlobalSection
	GlobalSection(ExtensibilityGlobals) = postSolution
		SolutionGuid = {C4F14DBE-2124-4FBB-8707-22149BC439E7}
	EndGlobalSection
EndGlobal
